Microsoft Visual Studio Solution File, Format Version 12.00
# Visual Studio Version 17
VisualStudioVersion = 17.0.31903.59
MinimumVisualStudioVersion = 10.0.40219.1
Project("{FAE04EC0-301F-11D3-BF4B-00C04F79EFBC}") = "DocuDesk.App", "src\DocuDesk.App\DocuDesk.App.csproj", "{76366357-7F7F-4C6F-A37F-A202EC5A8EDC}"
EndProject
Project("{FAE04EC0-301F-11D3-BF4B-00C04F79EFBC}") = "DocuDesk.Domain", "src\DocuDesk.Domain\DocuDesk.Domain.csproj", "{0797F8D6-63CB-471A-857A-8433320C7E9C}"
EndProject
Project("{FAE04EC0-301F-11D3-BF4B-00C04F79EFBC}") = "DocuDesk.Application", "src\DocuDesk.Application\DocuDesk.Application.csproj", "{A7678278-DCAF-4A12-B370-8E39D152CA70}"
EndProject
Project("{FAE04EC0-301F-11D3-BF4B-00C04F79EFBC}") = "DocuDesk.Persistence", "src\DocuDesk.Persistence\DocuDesk.Persistence.csproj", "{EA9208CE-F7EF-4447-90F2-5F5019346167}"
EndProject
Project("{FAE04EC0-301F-11D3-BF4B-00C04F79EFBC}") = "DocuDesk.Infrastructure", "src\DocuDesk.Infrastructure\DocuDesk.Infrastructure.csproj", "{F2BDEF36-9FBC-4AFD-A6C6-C3A8E536AB43}"
EndProject
Project("{FAE04EC0-301F-11D3-BF4B-00C04F79EFBC}") = "DocuDesk.ThunderbirdHost", "src\DocuDesk.ThunderbirdHost\DocuDesk.ThunderbirdHost.csproj", "{CF4DF42F-0151-465A-8685-47A0386732AD}"
EndProject
Global
    GlobalSection(SolutionConfigurationPlatforms) = preSolution
        Debug|Any CPU = Debug|Any CPU
        Release|Any CPU = Release|Any CPU
    EndGlobalSection
    GlobalSection(ProjectConfigurationPlatforms) = postSolution
        {76366357-7F7F-4C6F-A37F-A202EC5A8EDC}.Debug|Any CPU.ActiveCfg = Debug|Any CPU
        {76366357-7F7F-4C6F-A37F-A202EC5A8EDC}.Debug|Any CPU.Build.0 = Debug|Any CPU
        {76366357-7F7F-4C6F-A37F-A202EC5A8EDC}.Release|Any CPU.ActiveCfg = Release|Any CPU
        {76366357-7F7F-4C6F-A37F-A202EC5A8EDC}.Release|Any CPU.Build.0 = Release|Any CPU
        {0797F8D6-63CB-471A-857A-8433320C7E9C}.Debug|Any CPU.ActiveCfg = Debug|Any CPU
        {0797F8D6-63CB-471A-857A-8433320C7E9C}.Debug|Any CPU.Build.0 = Debug|Any CPU
        {0797F8D6-63CB-471A-857A-8433320C7E9C}.Release|Any CPU.ActiveCfg = Release|Any CPU
        {0797F8D6-63CB-471A-857A-8433320C7E9C}.Release|Any CPU.Build.0 = Release|Any CPU
        {A7678278-DCAF-4A12-B370-8E39D152CA70}.Debug|Any CPU.ActiveCfg = Debug|Any CPU
        {A7678278-DCAF-4A12-B370-8E39D152CA70}.Debug|Any CPU.Build.0 = Debug|Any CPU
        {A7678278-DCAF-4A12-B370-8E39D152CA70}.Release|Any CPU.ActiveCfg = Release|Any CPU
        {A7678278-DCAF-4A12-B370-8E39D152CA70}.Release|Any CPU.Build.0 = Release|Any CPU
        {EA9208CE-F7EF-4447-90F2-5F5019346167}.Debug|Any CPU.ActiveCfg = Debug|Any CPU
        {EA9208CE-F7EF-4447-90F2-5F5019346167}.Debug|Any CPU.Build.0 = Debug|Any CPU
        {EA9208CE-F7EF-4447-90F2-5F5019346167}.Release|Any CPU.ActiveCfg = Release|Any CPU
        {EA9208CE-F7EF-4447-90F2-5F5019346167}.Release|Any CPU.Build.0 = Release|Any CPU
        {F2BDEF36-9FBC-4AFD-A6C6-C3A8E536AB43}.Debug|Any CPU.ActiveCfg = Debug|Any CPU
        {F2BDEF36-9FBC-4AFD-A6C6-C3A8E536AB43}.Debug|Any CPU.Build.0 = Debug|Any CPU
        {F2BDEF36-9FBC-4AFD-A6C6-C3A8E536AB43}.Release|Any CPU.ActiveCfg = Release|Any CPU
        {F2BDEF36-9FBC-4AFD-A6C6-C3A8E536AB43}.Release|Any CPU.Build.0 = Release|Any CPU
        {CF4DF42F-0151-465A-8685-47A0386732AD}.Debug|Any CPU.ActiveCfg = Debug|Any CPU
        {CF4DF42F-0151-465A-8685-47A0386732AD}.Debug|Any CPU.Build.0 = Debug|Any CPU
        {CF4DF42F-0151-465A-8685-47A0386732AD}.Release|Any CPU.ActiveCfg = Release|Any CPU
        {CF4DF42F-0151-465A-8685-47A0386732AD}.Release|Any CPU.Build.0 = Release|Any CPU
    EndGlobalSection
    GlobalSection(SolutionProperties) = preSolution
        HideSolutionNode = FALSE
    EndGlobalSection
EndGlobal
